
Microsoft Visual Studio Solution File, Format Version 12.00
# Visual Studio Version 17
VisualStudioVersion = 17.10.35013.160
MinimumVisualStudioVersion = 10.0.40219.1
Project("{9A19103F-16F7-4668-BE54-9A1E7A4F7556}") = "AzureFunctionIgga", "AzureFunctionIgga.csproj", "{90063AB1-D680-495A-93D7-95E4C85A48AF}"
EndProject
Global
	GlobalSection(SolutionConfigurationPlatforms) = preSolution
		Debug|Any CPU = Debug|Any CPU
		Release|Any CPU = Release|Any CPU
	EndGlobalSection
	GlobalSection(ProjectConfigurationPlatforms) = postSolution
		{90063AB1-D680-495A-93D7-95E4C85A48AF}.Debug|Any CPU.ActiveCfg = Debug|Any CPU
		{90063AB1-D680-495A-93D7-95E4C85A48AF}.Debug|Any CPU.Build.0 = Debug|Any CPU
		{90063AB1-D680-495A-93D7-95E4C85A48AF}.Release|Any CPU.ActiveCfg = Release|Any CPU
		{90063AB1-D680-495A-93D7-95E4C85A48AF}.Release|Any CPU.Build.0 = Release|Any CPU
	EndGlobalSection
	GlobalSection(SolutionProperties) = preSolution
		HideSolutionNode = FALSE
	EndGlobalSection
	GlobalSection(ExtensibilityGlobals) = postSolution
		SolutionGuid = {64E4135A-546B-4A16-B946-E03A737F32EA}
	EndGlobalSection
EndGlobal
